
Microsoft Visual Studio Solution File, Format Version 12.00
# Visual Studio Version 16
VisualStudioVersion = 16.0.31624.102
MinimumVisualStudioVersion = 10.0.40219.1
Project("{FAE04EC0-301F-11D3-BF4B-00C04F79EFBC}") = "RedisHelloWordWebAPI", "RedisHelloWordWebAPI\RedisHelloWordWebAPI.csproj", "{000FED77-7034-45FC-B847-BE0AFC573CEA}"
EndProject
Global
	GlobalSection(SolutionConfigurationPlatforms) = preSolution
		Debug|Any CPU = Debug|Any CPU
		Release|Any CPU = Release|Any CPU
	EndGlobalSection
	GlobalSection(ProjectConfigurationPlatforms) = postSolution
		{000FED77-7034-45FC-B847-BE0AFC573CEA}.Debug|Any CPU.ActiveCfg = Debug|Any CPU
		{000FED77-7034-45FC-B847-BE0AFC573CEA}.Debug|Any CPU.Build.0 = Debug|Any CPU
		{000FED77-7034-45FC-B847-BE0AFC573CEA}.Release|Any CPU.ActiveCfg = Release|Any CPU
		{000FED77-7034-45FC-B847-BE0AFC573CEA}.Release|Any CPU.Build.0 = Release|Any CPU
	EndGlobalSection
	GlobalSection(SolutionProperties) = preSolution
		HideSolutionNode = FALSE
	EndGlobalSection
	GlobalSection(ExtensibilityGlobals) = postSolution
		SolutionGuid = {D8C7D664-0E95-482B-8DDC-C108267C71DE}
	EndGlobalSection
EndGlobal
